<?xml version="1.0" encoding="utf-8"?>
<Project ToolsVersion="4.0" xmlns="http://schemas.microsoft.com/developer/msbuild/2003">
  <ItemGroup>
    <Filter Include="Aurora">
      <UniqueIdentifier>{0FF303A8-FB94-2E7E-E44F-42D2D090B5CE}</UniqueIdentifier>
    </Filter>
    <Filter Include="Aurora\Events">
      <UniqueIdentifier>{13B80547-7F78-817D-48B3-CAFAB432C659}</UniqueIdentifier>
    </Filter>
    <Filter Include="Aurora\ImGui">
      <UniqueIdentifier>{7937A0DB-659A-2F80-0E20-6836FA61FB02}</UniqueIdentifier>
    </Filter>
    <Filter Include="Aurora\Platform">
      <UniqueIdentifier>{4310723B-AF9B-DFFF-B8AC-62F424B73B00}</UniqueIdentifier>
    </Filter>
    <Filter Include="Aurora\Platform\OpenGL">
      <UniqueIdentifier>{1770177C-036A-40CE-ECD6-D6DED86FA63A}</UniqueIdentifier>
    </Filter>
    <Filter Include="Aurora\Platform\Windows">
      <UniqueIdentifier>{7D4D2157-E984-69EE-F28E-CD115E4590E7}</UniqueIdentifier>
    </Filter>
  </ItemGroup>
  <ItemGroup>
    <ClInclude Include="src\Aurora.h" />
    <ClInclude Include="src\Aurora\Application.h">
      <Filter>Aurora</Filter>
    </ClInclude>
    <ClInclude Include="src\Aurora\Core.h">
      <Filter>Aurora</Filter>
    </ClInclude>
    <ClInclude Include="src\Aurora\EntryPoint.h">
      <Filter>Aurora</Filter>
    </ClInclude>
    <ClInclude Include="src\Aurora\Events\ApplicationEvent.h">
      <Filter>Aurora\Events</Filter>
    </ClInclude>
    <ClInclude Include="src\Aurora\Events\Event.h">
      <Filter>Aurora\Events</Filter>
    </ClInclude>
    <ClInclude Include="src\Aurora\Events\KeyEvent.h">
      <Filter>Aurora\Events</Filter>
    </ClInclude>
    <ClInclude Include="src\Aurora\Events\MouseEvent.h">
      <Filter>Aurora\Events</Filter>
    </ClInclude>
    <ClInclude Include="src\Aurora\ImGui\ImGuiLayer.h">
      <Filter>Aurora\ImGui</Filter>
    </ClInclude>
    <ClInclude Include="src\Aurora\Layer.h">
      <Filter>Aurora</Filter>
    </ClInclude>
    <ClInclude Include="src\Aurora\LayerStack.h">
      <Filter>Aurora</Filter>
    </ClInclude>
    <ClInclude Include="src\Aurora\Log.h">
      <Filter>Aurora</Filter>
    </ClInclude>
    <ClInclude Include="src\Aurora\Platform\OpenGL\ImGuiOpenGLRenderer.h">
      <Filter>Aurora\Platform\OpenGL</Filter>
    </ClInclude>
    <ClInclude Include="src\Aurora\Platform\Windows\WindowsWindow.h">
      <Filter>Aurora\Platform\Windows</Filter>
    </ClInclude>
    <ClInclude Include="src\Aurora\Window.h">
      <Filter>Aurora</Filter>
    </ClInclude>
    <ClInclude Include="src\aurorapch.h" />
    <ClInclude Include="src\Aurora\Input.h" />
    <ClInclude Include="src\Aurora\Platform\Windows\WindowsInput.h" />
  </ItemGroup>
  <ItemGroup>
    <ClCompile Include="src\Aurora\Application.cpp">
      <Filter>Aurora</Filter>
    </ClCompile>
    <ClCompile Include="src\Aurora\ImGui\ImGuiLayer.cpp">
      <Filter>Aurora\ImGui</Filter>
    </ClCompile>
    <ClCompile Include="src\Aurora\Layer.cpp">
      <Filter>Aurora</Filter>
    </ClCompile>
    <ClCompile Include="src\Aurora\LayerStack.cpp">
      <Filter>Aurora</Filter>
    </ClCompile>
    <ClCompile Include="src\Aurora\Log.cpp">
      <Filter>Aurora</Filter>
    </ClCompile>
    <ClCompile Include="src\Aurora\Platform\OpenGL\ImGuiOpenGLRenderer.cpp">
      <Filter>Aurora\Platform\OpenGL</Filter>
    </ClCompile>
    <ClCompile Include="src\Aurora\Platform\Windows\WindowsWindow.cpp">
      <Filter>Aurora\Platform\Windows</Filter>
    </ClCompile>
    <ClCompile Include="src\aurorapch.cpp" />
    <ClCompile Include="src\Aurora\Platform\Windows\WindowsInput.cpp" />
  </ItemGroup>
</Project>